
Microsoft Visual Studio Solution File, Format Version 12.00
# Visual Studio Version 16
VisualStudioVersion = 16.0.31727.386
MinimumVisualStudioVersion = 10.0.40219.1
Project("{9A19103F-16F7-4668-BE54-9A1E7A4F7556}") = "Shop", "Shop\Shop.csproj", "{9D648831-9957-43AC-B8CF-E61A831253DE}"
EndProject
Global
	GlobalSection(SolutionConfigurationPlatforms) = preSolution
		Debug|Any CPU = Debug|Any CPU
		Release|Any CPU = Release|Any CPU
	EndGlobalSection
	GlobalSection(ProjectConfigurationPlatforms) = postSolution
		{9D648831-9957-43AC-B8CF-E61A831253DE}.Debug|Any CPU.ActiveCfg = Debug|Any CPU
		{9D648831-9957-43AC-B8CF-E61A831253DE}.Debug|Any CPU.Build.0 = Debug|Any CPU
		{9D648831-9957-43AC-B8CF-E61A831253DE}.Release|Any CPU.ActiveCfg = Release|Any CPU
		{9D648831-9957-43AC-B8CF-E61A831253DE}.Release|Any CPU.Build.0 = Release|Any CPU
	EndGlobalSection
	GlobalSection(SolutionProperties) = preSolution
		HideSolutionNode = FALSE
	EndGlobalSection
	GlobalSection(ExtensibilityGlobals) = postSolution
		SolutionGuid = {39232752-4C8A-41A7-9E77-A624A26805AD}
	EndGlobalSection
EndGlobal
